// !$*UTF8*$!
{
	archiveVersion = 1;
	classes = {
	};
	objectVersion = 50;
	objects = {

/* Begin PBXBuildFile section */
		4C6274A72489F4540042C858 /* AppDelegate.swift in Sources */ = {isa = PBXBuildFile; fileRef = 4C6274A62489F4540042C858 /* AppDelegate.swift */; };
		4C6274A92489F4540042C858 /* SceneDelegate.swift in Sources */ = {isa = PBXBuildFile; fileRef = 4C6274A82489F4540042C858 /* SceneDelegate.swift */; };
		4C6274AC2489F4540042C858 /* swiftui_demo.xcdatamodeld in Sources */ = {isa = PBXBuildFile; fileRef = 4C6274AA2489F4540042C858 /* swiftui_demo.xcdatamodeld */; };
		4C6274AE2489F4540042C858 /* ContentView.swift in Sources */ = {isa = PBXBuildFile; fileRef = 4C6274AD2489F4540042C858 /* ContentView.swift */; };
		4C6274B02489F4570042C858 /* Assets.xcassets in Resources */ = {isa = PBXBuildFile; fileRef = 4C6274AF2489F4570042C858 /* Assets.xcassets */; };
		4C6274B32489F4570042C858 /* Preview Assets.xcassets in Resources */ = {isa = PBXBuildFile; fileRef = 4C6274B22489F4570042C858 /* Preview Assets.xcassets */; };
		4C6274B62489F4570042C858 /* LaunchScreen.storyboard in Resources */ = {isa = PBXBuildFile; fileRef = 4C6274B42489F4570042C858 /* LaunchScreen.storyboard */; };
		4C6274C12489F4570042C858 /* swiftui_demoUITests.swift in Sources */ = {isa = PBXBuildFile; fileRef = 4C6274C02489F4570042C858 /* swiftui_demoUITests.swift */; };
		4C6274CC248A15CF0042C858 /* LandmarkDetail.swift in Sources */ = {isa = PBXBuildFile; fileRef = 4C6274CB248A15CF0042C858 /* LandmarkDetail.swift */; };
/* End PBXBuildFile section */

/* Begin PBXContainerItemProxy section */
		4C6274BD2489F4570042C858 /* PBXContainerItemProxy */ = {
			isa = PBXContainerItemProxy;
			containerPortal = 4C62749B2489F4540042C858 /* Project object */;
			proxyType = 1;
			remoteGlobalIDString = 4C6274A22489F4540042C858;
			remoteInfo = swiftui_demo;
		};
/* End PBXContainerItemProxy section */

/* Begin PBXFileReference section */
		4C6274A32489F4540042C858 /* swiftui_demo.app */ = {isa = PBXFileReference; explicitFileType = wrapper.application; includeInIndex = 0; path = swiftui_demo.app; sourceTree = BUILT_PRODUCTS_DIR; };
		4C6274A62489F4540042C858 /* AppDelegate.swift */ = {isa = PBXFileReference; lastKnownFileType = sourcecode.swift; path = AppDelegate.swift; sourceTree = "<group>"; };
		4C6274A82489F4540042C858 /* SceneDelegate.swift */ = {isa = PBXFileReference; lastKnownFileType = sourcecode.swift; path = SceneDelegate.swift; sourceTree = "<group>"; };
		4C6274AB2489F4540042C858 /* swiftui_demo.xcdatamodel */ = {isa = PBXFileReference; lastKnownFileType = wrapper.xcdatamodel; path = swiftui_demo.xcdatamodel; sourceTree = "<group>"; };
		4C6274AD2489F4540042C858 /* ContentView.swift */ = {isa = PBXFileReference; lastKnownFileType = sourcecode.swift; path = ContentView.swift; sourceTree = "<group>"; };
		4C6274AF2489F4570042C858 /* Assets.xcassets */ = {isa = PBXFileReference; lastKnownFileType = folder.assetcatalog; path = Assets.xcassets; sourceTree = "<group>"; };
		4C6274B22489F4570042C858 /* Preview Assets.xcassets */ = {isa = PBXFileReference; lastKnownFileType = folder.assetcatalog; path = "Preview Assets.xcassets"; sourceTree = "<group>"; };
		4C6274B52489F4570042C858 /* Base */ = {isa = PBXFileReference; lastKnownFileType = file.storyboard; name = Base; path = Base.lproj/LaunchScreen.storyboard; sourceTree = "<group>"; };
		4C6274B72489F4570042C858 /* Info.plist */ = {isa = PBXFileReference; lastKnownFileType = text.plist.xml; path = Info.plist; sourceTree = "<group>"; };
		4C6274BC2489F4570042C858 /* swiftui_demoUITests.xctest */ = {isa = PBXFileReference; explicitFileType = wrapper.cfbundle; includeInIndex = 0; path = swiftui_demoUITests.xctest; sourceTree = BUILT_PRODUCTS_DIR; };
		4C6274C02489F4570042C858 /* swiftui_demoUITests.swift */ = {isa = PBXFileReference; lastKnownFileType = sourcecode.swift; path = swiftui_demoUITests.swift; sourceTree = "<group>"; };
		4C6274C22489F4570042C858 /* Info.plist */ = {isa = PBXFileReference; lastKnownFileType = text.plist.xml; path = Info.plist; sourceTree = "<group>"; };
		4C6274CB248A15CF0042C858 /* LandmarkDetail.swift */ = {isa = PBXFileReference; lastKnownFileType = sourcecode.swift; path = LandmarkDetail.swift; sourceTree = "<group>"; };
/* End PBXFileReference section */

/* Begin PBXFrameworksBuildPhase section */
		4C6274A02489F4540042C858 /* Frameworks */ = {
			isa = PBXFrameworksBuildPhase;
			buildActionMask = 2147483647;
			files = (
			);
			runOnlyForDeploymentPostprocessing = 0;
		};
		4C6274B92489F4570042C858 /* Frameworks */ = {
			isa = PBXFrameworksBuildPhase;
			buildActionMask = 2147483647;
			files = (
			);
			runOnlyForDeploymentPostprocessing = 0;
		};
/* End PBXFrameworksBuildPhase section */

/* Begin PBXGroup section */
		4C62749A2489F4540042C858 = {
			isa = PBXGroup;
			children = (
				4C6274A52489F4540042C858 /* swiftui_demo */,
				4C6274BF2489F4570042C858 /* swiftui_demoUITests */,
				4C6274A42489F4540042C858 /* Products */,
			);
			sourceTree = "<group>";
		};
		4C6274A42489F4540042C858 /* Products */ = {
			isa = PBXGroup;
			children = (
				4C6274A32489F4540042C858 /* swiftui_demo.app */,
				4C6274BC2489F4570042C858 /* swiftui_demoUITests.xctest */,
			);
			name = Products;
			sourceTree = "<group>";
		};
		4C6274A52489F4540042C858 /* swiftui_demo */ = {
			isa = PBXGroup;
			children = (
				4C6274A62489F4540042C858 /* AppDelegate.swift */,
				4C6274A82489F4540042C858 /* SceneDelegate.swift */,
				4C6274AD2489F4540042C858 /* ContentView.swift */,
				4C6274AF2489F4570042C858 /* Assets.xcassets */,
				4C6274B42489F4570042C858 /* LaunchScreen.storyboard */,
				4C6274B72489F4570042C858 /* Info.plist */,
				4C6274AA2489F4540042C858 /* swiftui_demo.xcdatamodeld */,
				4C6274B12489F4570042C858 /* Preview Content */,
				4C6274CB248A15CF0042C858 /* LandmarkDetail.swift */,
			);
			path = swiftui_demo;
			sourceTree = "<group>";
		};
		4C6274B12489F4570042C858 /* Preview Content */ = {
			isa = PBXGroup;
			children = (
				4C6274B22489F4570042C858 /* Preview Assets.xcassets */,
			);
			path = "Preview Content";
			sourceTree = "<group>";
		};
		4C6274BF2489F4570042C858 /* swiftui_demoUITests */ = {
			isa = PBXGroup;
			children = (
				4C6274C02489F4570042C858 /* swiftui_demoUITests.swift */,
				4C6274C22489F4570042C858 /* Info.plist */,
			);
			path = swiftui_demoUITests;
			sourceTree = "<group>";
		};
/* End PBXGroup section */

/* Begin PBXNativeTarget section */
		4C6274A22489F4540042C858 /* swiftui_demo */ = {
			isa = PBXNativeTarget;
			buildConfigurationList = 4C6274C52489F4570042C858 /* Build configuration list for PBXNativeTarget "swiftui_demo" */;
			buildPhases = (
				4C62749F2489F4540042C858 /* Sources */,
				4C6274A02489F4540042C858 /* Frameworks */,
				4C6274A12489F4540042C858 /* Resources */,
			);
			buildRules = (
			);
			dependencies = (
			);
			name = swiftui_demo;
			productName = swiftui_demo;
			productReference = 4C6274A32489F4540042C858 /* swiftui_demo.app */;
			productType = "com.apple.product-type.application";
		};
		4C6274BB2489F4570042C858 /* swiftui_demoUITests */ = {
			isa = PBXNativeTarget;
			buildConfigurationList = 4C6274C82489F4570042C858 /* Build configuration list for PBXNativeTarget "swiftui_demoUITests" */;
			buildPhases = (
				4C6274B82489F4570042C858 /* Sources */,
				4C6274B92489F4570042C858 /* Frameworks */,
				4C6274BA2489F4570042C858 /* Resources */,
			);
			buildRules = (
			);
			dependencies = (
				4C6274BE2489F4570042C858 /* PBXTargetDependency */,
			);
			name = swiftui_demoUITests;
			productName = swiftui_demoUITests;
			productReference = 4C6274BC2489F4570042C858 /* swiftui_demoUITests.xctest */;
			productType = "com.apple.product-type.bundle.ui-testing";
		};
/* End PBXNativeTarget section */

/* Begin PBXProject section */
		4C62749B2489F4540042C858 /* Project object */ = {
			isa = PBXProject;
			attributes = {
				LastSwiftUpdateCheck = 1100;
				LastUpgradeCheck = 1100;
				ORGANIZATIONNAME = "陈庆";
				TargetAttributes = {
					4C6274A22489F4540042C858 = {
						CreatedOnToolsVersion = 11.0;
					};
					4C6274BB2489F4570042C858 = {
						CreatedOnToolsVersion = 11.0;
						TestTargetID = 4C6274A22489F4540042C858;
					};
				};
			};
			buildConfigurationList = 4C62749E2489F4540042C858 /* Build configuration list for PBXProject "swiftui_demo" */;
			compatibilityVersion = "Xcode 9.3";
			developmentRegion = en;
			hasScannedForEncodings = 0;
			knownRegions = (
				en,
				Base,
			);
			mainGroup = 4C62749A2489F4540042C858;
			productRefGroup = 4C6274A42489F4540042C858 /* Products */;
			projectDirPath = "";
			projectRoot = "";
			targets = (
				4C6274A22489F4540042C858 /* swiftui_demo */,
				4C6274BB2489F4570042C858 /* swiftui_demoUITests */,
			);
		};
/* End PBXProject section */

/* Begin PBXResourcesBuildPhase section */
		4C6274A12489F4540042C858 /* Resources */ = {
			isa = PBXResourcesBuildPhase;
			buildActionMask = 2147483647;
			files = (
				4C6274B62489F4570042C858 /* LaunchScreen.storyboard in Resources */,
				4C6274B32489F4570042C858 /* Preview Assets.xcassets in Resources */,
				4C6274B02489F4570042C858 /* Assets.xcassets in Resources */,
			);
			runOnlyForDeploymentPostprocessing = 0;
		};
		4C6274BA2489F4570042C858 /* Resources */ = {
			isa = PBXResourcesBuildPhase;
			buildActionMask = 2147483647;
			files = (
			);
			runOnlyForDeploymentPostprocessing = 0;
		};
/* End PBXResourcesBuildPhase section */

/* Begin PBXSourcesBuildPhase section */
		4C62749F2489F4540042C858 /* Sources */ = {
			isa = PBXSourcesBuildPhase;
			buildActionMask = 2147483647;
			files = (
				4C6274A72489F4540042C858 /* AppDelegate.swift in Sources */,
				4C6274A92489F4540042C858 /* SceneDelegate.swift in Sources */,
				4C6274AE2489F4540042C858 /* ContentView.swift in Sources */,
				4C6274CC248A15CF0042C858 /* LandmarkDetail.swift in Sources */,
				4C6274AC2489F4540042C858 /* swiftui_demo.xcdatamodeld in Sources */,
			);
			runOnlyForDeploymentPostprocessing = 0;
		};
		4C6274B82489F4570042C858 /* Sources */ = {
			isa = PBXSourcesBuildPhase;
			buildActionMask = 2147483647;
			files = (
				4C6274C12489F4570042C858 /* swiftui_demoUITests.swift in Sources */,
			);
			runOnlyForDeploymentPostprocessing = 0;
		};
/* End PBXSourcesBuildPhase section */

/* Begin PBXTargetDependency section */
		4C6274BE2489F4570042C858 /* PBXTargetDependency */ = {
			isa = PBXTargetDependency;
			target = 4C6274A22489F4540042C858 /* swiftui_demo */;
			targetProxy = 4C6274BD2489F4570042C858 /* PBXContainerItemProxy */;
		};
/* End PBXTargetDependency section */

/* Begin PBXVariantGroup section */
		4C6274B42489F4570042C858 /* LaunchScreen.storyboard */ = {
			isa = PBXVariantGroup;
			children = (
				4C6274B52489F4570042C858 /* Base */,
			);
			name = LaunchScreen.storyboard;
			sourceTree = "<group>";
		};
/* End PBXVariantGroup section */

/* Begin XCBuildConfiguration section */
		4C6274C32489F4570042C858 /* Debug */ = {
			isa = XCBuildConfiguration;
			buildSettings = {
				ALWAYS_SEARCH_USER_PATHS = NO;
				CLANG_ANALYZER_NONNULL = YES;
				CLANG_ANALYZER_NUMBER_OBJECT_CONVERSION = YES_AGGRESSIVE;
				CLANG_CXX_LANGUAGE_STANDARD = "gnu++14";
				CLANG_CXX_LIBRARY = "libc++";
				CLANG_ENABLE_MODULES = YES;
				CLANG_ENABLE_OBJC_ARC = YES;
				CLANG_ENABLE_OBJC_WEAK = YES;
				CLANG_WARN_BLOCK_CAPTURE_AUTORELEASING = YES;
				CLANG_WARN_BOOL_CONVERSION = YES;
				CLANG_WARN_COMMA = YES;
				CLANG_WARN_CONSTANT_CONVERSION = YES;
				CLANG_WARN_DEPRECATED_OBJC_IMPLEMENTATIONS = YES;
				CLANG_WARN_DIRECT_OBJC_ISA_USAGE = YES_ERROR;
				CLANG_WARN_DOCUMENTATION_COMMENTS = YES;
				CLANG_WARN_EMPTY_BODY = YES;
				CLANG_WARN_ENUM_CONVERSION = YES;
				CLANG_WARN_INFINITE_RECURSION = YES;
				CLANG_WARN_INT_CONVERSION = YES;
				CLANG_WARN_NON_LITERAL_NULL_CONVERSION = YES;
				CLANG_WARN_OBJC_IMPLICIT_RETAIN_SELF = YES;
				CLANG_WARN_OBJC_LITERAL_CONVERSION = YES;
				CLANG_WARN_OBJC_ROOT_CLASS = YES_ERROR;
				CLANG_WARN_RANGE_LOOP_ANALYSIS = YES;
				CLANG_WARN_STRICT_PROTOTYPES = YES;
				CLANG_WARN_SUSPICIOUS_MOVE = YES;
				CLANG_WARN_UNGUARDED_AVAILABILITY = YES_AGGRESSIVE;
				CLANG_WARN_UNREACHABLE_CODE = YES;
				CLANG_WARN__DUPLICATE_METHOD_MATCH = YES;
				COPY_PHASE_STRIP = NO;
				DEBUG_INFORMATION_FORMAT = dwarf;
				ENABLE_STRICT_OBJC_MSGSEND = YES;
				ENABLE_TESTABILITY = YES;
				GCC_C_LANGUAGE_STANDARD = gnu11;
				GCC_DYNAMIC_NO_PIC = NO;
				GCC_NO_COMMON_BLOCKS = YES;
				GCC_OPTIMIZATION_LEVEL = 0;
				GCC_PREPROCESSOR_DEFINITIONS = (
					"DEBUG=1",
					"$(inherited)",
				);
				GCC_WARN_64_TO_32_BIT_CONVERSION = YES;
				GCC_WARN_ABOUT_RETURN_TYPE = YES_ERROR;
				GCC_WARN_UNDECLARED_SELECTOR = YES;
				GCC_WARN_UNINITIALIZED_AUTOS = YES_AGGRESSIVE;
				GCC_WARN_UNUSED_FUNCTION = YES;
				GCC_WARN_UNUSED_VARIABLE = YES;
				IPHONEOS_DEPLOYMENT_TARGET = 13.0;
				MTL_ENABLE_DEBUG_INFO = INCLUDE_SOURCE;
				MTL_FAST_MATH = YES;
				ONLY_ACTIVE_ARCH = YES;
				SDKROOT = iphoneos;
				SWIFT_ACTIVE_COMPILATION_CONDITIONS = DEBUG;
				SWIFT_OPTIMIZATION_LEVEL = "-Onone";
			};
			name = Debug;
		};
		4C6274C42489F4570042C858 /* Release */ = {
			isa = XCBuildConfiguration;
			buildSettings = {
				ALWAYS_SEARCH_USER_PATHS = NO;
				CLANG_ANALYZER_NONNULL = YES;
				CLANG_ANALYZER_NUMBER_OBJECT_CONVERSION = YES_AGGRESSIVE;
				CLANG_CXX_LANGUAGE_STANDARD = "gnu++14";
				CLANG_CXX_LIBRARY = "libc++";
				CLANG_ENABLE_MODULES = YES;
				CLANG_ENABLE_OBJC_ARC = YES;
				CLANG_ENABLE_OBJC_WEAK = YES;
				CLANG_WARN_BLOCK_CAPTURE_AUTORELEASING = YES;
				CLANG_WARN_BOOL_CONVERSION = YES;
				CLANG_WARN_COMMA = YES;
				CLANG_WARN_CONSTANT_CONVERSION = YES;
				CLANG_WARN_DEPRECATED_OBJC_IMPLEMENTATIONS = YES;
				CLANG_WARN_DIRECT_OBJC_ISA_USAGE = YES_ERROR;
				CLANG_WARN_DOCUMENTATION_COMMENTS = YES;
				CLANG_WARN_EMPTY_BODY = YES;
				CLANG_WARN_ENUM_CONVERSION = YES;
				CLANG_WARN_INFINITE_RECURSION = YES;
				CLANG_WARN_INT_CONVERSION = YES;
				CLANG_WARN_NON_LITERAL_NULL_CONVERSION = YES;
				CLANG_WARN_OBJC_IMPLICIT_RETAIN_SELF = YES;
				CLANG_WARN_OBJC_LITERAL_CONVERSION = YES;
				CLANG_WARN_OBJC_ROOT_CLASS = YES_ERROR;
				CLANG_WARN_RANGE_LOOP_ANALYSIS = YES;
				CLANG_WARN_STRICT_PROTOTYPES = YES;
				CLANG_WARN_SUSPICIOUS_MOVE = YES;
				CLANG_WARN_UNGUARDED_AVAILABILITY = YES_AGGRESSIVE;
				CLANG_WARN_UNREACHABLE_CODE = YES;
				CLANG_WARN__DUPLICATE_METHOD_MATCH = YES;
				COPY_PHASE_STRIP = NO;
				DEBUG_INFORMATION_FORMAT = "dwarf-with-dsym";
				ENABLE_NS_ASSERTIONS = NO;
				ENABLE_STRICT_OBJC_MSGSEND = YES;
				GCC_C_LANGUAGE_STANDARD = gnu11;
				GCC_NO_COMMON_BLOCKS = YES;
				GCC_WARN_64_TO_32_BIT_CONVERSION = YES;
				GCC_WARN_ABOUT_RETURN_TYPE = YES_ERROR;
				GCC_WARN_UNDECLARED_SELECTOR = YES;
				GCC_WARN_UNINITIALIZED_AUTOS = YES_AGGRESSIVE;
				GCC_WARN_UNUSED_FUNCTION = YES;
				GCC_WARN_UNUSED_VARIABLE = YES;
				IPHONEOS_DEPLOYMENT_TARGET = 13.0;
				MTL_ENABLE_DEBUG_INFO = NO;
				MTL_FAST_MATH = YES;
				SDKROOT = iphoneos;
				SWIFT_COMPILATION_MODE = wholemodule;
				SWIFT_OPTIMIZATION_LEVEL = "-O";
				VALIDATE_PRODUCT = YES;
			};
			name = Release;
		};
		4C6274C62489F4570042C858 /* Debug */ = {
			isa = XCBuildConfiguration;
			buildSettings = {
				ASSETCATALOG_COMPILER_APPICON_NAME = AppIcon;
				CODE_SIGN_STYLE = Automatic;
				DEVELOPMENT_ASSET_PATHS = "\"swiftui_demo/Preview Content\"";
				DEVELOPMENT_TEAM = 8N4A75FTPE;
				ENABLE_PREVIEWS = YES;
				INFOPLIST_FILE = swiftui_demo/Info.plist;
				LD_RUNPATH_SEARCH_PATHS = (
					"$(inherited)",
					"@executable_path/Frameworks",
				);
				PRODUCT_BUNDLE_IDENTIFIER = "com.xiaohu.swiftui-demo";
				PRODUCT_NAME = "$(TARGET_NAME)";
				SWIFT_VERSION = 5.0;
				TARGETED_DEVICE_FAMILY = "1,2";
			};
			name = Debug;
		};
		4C6274C72489F4570042C858 /* Release */ = {
			isa = XCBuildConfiguration;
			buildSettings = {
				ASSETCATALOG_COMPILER_APPICON_NAME = AppIcon;
				CODE_SIGN_STYLE = Automatic;
				DEVELOPMENT_ASSET_PATHS = "\"swiftui_demo/Preview Content\"";
				DEVELOPMENT_TEAM = 8N4A75FTPE;
				ENABLE_PREVIEWS = YES;
				INFOPLIST_FILE = swiftui_demo/Info.plist;
				LD_RUNPATH_SEARCH_PATHS = (
					"$(inherited)",
					"@executable_path/Frameworks",
				);
				PRODUCT_BUNDLE_IDENTIFIER = "com.xiaohu.swiftui-demo";
				PRODUCT_NAME = "$(TARGET_NAME)";
				SWIFT_VERSION = 5.0;
				TARGETED_DEVICE_FAMILY = "1,2";
			};
			name = Release;
		};
		4C6274C92489F4570042C858 /* Debug */ = {
			isa = XCBuildConfiguration;
			buildSettings = {
				ALWAYS_EMBED_SWIFT_STANDARD_LIBRARIES = YES;
				CODE_SIGN_STYLE = Automatic;
				DEVELOPMENT_TEAM = 8N4A75FTPE;
				INFOPLIST_FILE = swiftui_demoUITests/Info.plist;
				LD_RUNPATH_SEARCH_PATHS = (
					"$(inherited)",
					"@executable_path/Frameworks",
					"@loader_path/Frameworks",
				);
				PRODUCT_BUNDLE_IDENTIFIER = "com.xiaohu.swiftui-demoUITests";
				PRODUCT_NAME = "$(TARGET_NAME)";
				SWIFT_VERSION = 5.0;
				TARGETED_DEVICE_FAMILY = "1,2";
				TEST_TARGET_NAME = swiftui_demo;
			};
			name = Debug;
		};
		4C6274CA2489F4570042C858 /* Release */ = {
			isa = XCBuildConfiguration;
			buildSettings = {
				ALWAYS_EMBED_SWIFT_STANDARD_LIBRARIES = YES;
				CODE_SIGN_STYLE = Automatic;
				DEVELOPMENT_TEAM = 8N4A75FTPE;
				INFOPLIST_FILE = swiftui_demoUITests/Info.plist;
				LD_RUNPATH_SEARCH_PATHS = (
					"$(inherited)",
					"@executable_path/Frameworks",
					"@loader_path/Frameworks",
				);
				PRODUCT_BUNDLE_IDENTIFIER = "com.xiaohu.swiftui-demoUITests";
				PRODUCT_NAME = "$(TARGET_NAME)";
				SWIFT_VERSION = 5.0;
				TARGETED_DEVICE_FAMILY = "1,2";
				TEST_TARGET_NAME = swiftui_demo;
			};
			name = Release;
		};
/* End XCBuildConfiguration section */

/* Begin XCConfigurationList section */
		4C62749E2489F4540042C858 /* Build configuration list for PBXProject "swiftui_demo" */ = {
			isa = XCConfigurationList;
			buildConfigurations = (
				4C6274C32489F4570042C858 /* Debug */,
				4C6274C42489F4570042C858 /* Release */,
			);
			defaultConfigurationIsVisible = 0;
			defaultConfigurationName = Release;
		};
		4C6274C52489F4570042C858 /* Build configuration list for PBXNativeTarget "swiftui_demo" */ = {
			isa = XCConfigurationList;
			buildConfigurations = (
				4C6274C62489F4570042C858 /* Debug */,
				4C6274C72489F4570042C858 /* Release */,
			);
			defaultConfigurationIsVisible = 0;
			defaultConfigurationName = Release;
		};
		4C6274C82489F4570042C858 /* Build configuration list for PBXNativeTarget "swiftui_demoUITests" */ = {
			isa = XCConfigurationList;
			buildConfigurations = (
				4C6274C92489F4570042C858 /* Debug */,
				4C6274CA2489F4570042C858 /* Release */,
			);
			defaultConfigurationIsVisible = 0;
			defaultConfigurationName = Release;
		};
/* End XCConfigurationList section */

/* Begin XCVersionGroup section */
		4C6274AA2489F4540042C858 /* swiftui_demo.xcdatamodeld */ = {
			isa = XCVersionGroup;
			children = (
				4C6274AB2489F4540042C858 /* swiftui_demo.xcdatamodel */,
			);
			currentVersion = 4C6274AB2489F4540042C858 /* swiftui_demo.xcdatamodel */;
			path = swiftui_demo.xcdatamodeld;
			sourceTree = "<group>";
			versionGroupType = wrapper.xcdatamodel;
		};
/* End XCVersionGroup section */
	};
	rootObject = 4C62749B2489F4540042C858 /* Project object */;
}
